
Microsoft Visual Studio Solution File, Format Version 12.00
# Visual Studio Version 17
VisualStudioVersion = 17.5.33209.295
MinimumVisualStudioVersion = 10.0.40219.1
Project("{FAE04EC0-301F-11D3-BF4B-00C04F79EFBC}") = "GoogleBiqQueryApp", "GoogleBiqQueryApp\GoogleBiqQueryApp.csproj", "{0D9B2B1C-F280-4E93-A771-2D40F1162A5A}"
EndProject
Global
	GlobalSection(SolutionConfigurationPlatforms) = preSolution
		Debug|Any CPU = Debug|Any CPU
		Release|Any CPU = Release|Any CPU
	EndGlobalSection
	GlobalSection(ProjectConfigurationPlatforms) = postSolution
		{0D9B2B1C-F280-4E93-A771-2D40F1162A5A}.Debug|Any CPU.ActiveCfg = Debug|Any CPU
		{0D9B2B1C-F280-4E93-A771-2D40F1162A5A}.Debug|Any CPU.Build.0 = Debug|Any CPU
		{0D9B2B1C-F280-4E93-A771-2D40F1162A5A}.Release|Any CPU.ActiveCfg = Release|Any CPU
		{0D9B2B1C-F280-4E93-A771-2D40F1162A5A}.Release|Any CPU.Build.0 = Release|Any CPU
	EndGlobalSection
	GlobalSection(SolutionProperties) = preSolution
		HideSolutionNode = FALSE
	EndGlobalSection
	GlobalSection(ExtensibilityGlobals) = postSolution
		SolutionGuid = {28CB56ED-7CC2-40D1-9078-4429465EABA7}
	EndGlobalSection
EndGlobal
